
Microsoft Visual Studio Solution File, Format Version 12.00
# Visual Studio 2012
Project("{FAE04EC0-301F-11D3-BF4B-00C04F79EFBC}") = "ShopDAL", "ShopDAL\ShopDAL.csproj", "{5210ECB3-FC8B-4B29-9F7F-0108D6701196}"
EndProject
Project("{FAE04EC0-301F-11D3-BF4B-00C04F79EFBC}") = "ConsoleApp", "ConsoleApp\ConsoleApp.csproj", "{FC074FB6-86DB-4F5E-B01C-C642227E38E9}"
EndProject
Project("{FAE04EC0-301F-11D3-BF4B-00C04F79EFBC}") = "ShopDALServices", "ShopDomainServices\ShopDALServices.csproj", "{213BDCB0-D568-4B64-9FC7-75A280C836FB}"
EndProject
Project("{FAE04EC0-301F-11D3-BF4B-00C04F79EFBC}") = "ShopWebAPI", "WebApplicationService\ShopWebAPI.csproj", "{0D1FB91B-39EB-43C5-A878-F4619C339E47}"
EndProject
Project("{FAE04EC0-301F-11D3-BF4B-00C04F79EFBC}") = "ShopModelMapper", "ShopModelMapper\ShopModelMapper.csproj", "{C720AA52-5724-4E2E-9CE7-80D6362DFBFC}"
EndProject
Project("{FAE04EC0-301F-11D3-BF4B-00C04F79EFBC}") = "ShopUI", "ShopUI\ShopUI.csproj", "{D9EABC67-4CCA-4670-9EE8-A82ED5D7FF2B}"
EndProject
Project("{FAE04EC0-301F-11D3-BF4B-00C04F79EFBC}") = "ShopBL", "ShopBL\ShopBL.csproj", "{1473EB1E-911D-4095-A302-D9C7E9A1557B}"
EndProject
Global
	GlobalSection(SolutionConfigurationPlatforms) = preSolution
		Debug|Any CPU = Debug|Any CPU
		Release|Any CPU = Release|Any CPU
	EndGlobalSection
	GlobalSection(ProjectConfigurationPlatforms) = postSolution
		{5210ECB3-FC8B-4B29-9F7F-0108D6701196}.Debug|Any CPU.ActiveCfg = Debug|Any CPU
		{5210ECB3-FC8B-4B29-9F7F-0108D6701196}.Debug|Any CPU.Build.0 = Debug|Any CPU
		{5210ECB3-FC8B-4B29-9F7F-0108D6701196}.Release|Any CPU.ActiveCfg = Release|Any CPU
		{5210ECB3-FC8B-4B29-9F7F-0108D6701196}.Release|Any CPU.Build.0 = Release|Any CPU
		{FC074FB6-86DB-4F5E-B01C-C642227E38E9}.Debug|Any CPU.ActiveCfg = Debug|Any CPU
		{FC074FB6-86DB-4F5E-B01C-C642227E38E9}.Debug|Any CPU.Build.0 = Debug|Any CPU
		{FC074FB6-86DB-4F5E-B01C-C642227E38E9}.Release|Any CPU.ActiveCfg = Release|Any CPU
		{FC074FB6-86DB-4F5E-B01C-C642227E38E9}.Release|Any CPU.Build.0 = Release|Any CPU
		{213BDCB0-D568-4B64-9FC7-75A280C836FB}.Debug|Any CPU.ActiveCfg = Debug|Any CPU
		{213BDCB0-D568-4B64-9FC7-75A280C836FB}.Debug|Any CPU.Build.0 = Debug|Any CPU
		{213BDCB0-D568-4B64-9FC7-75A280C836FB}.Release|Any CPU.ActiveCfg = Release|Any CPU
		{213BDCB0-D568-4B64-9FC7-75A280C836FB}.Release|Any CPU.Build.0 = Release|Any CPU
		{0D1FB91B-39EB-43C5-A878-F4619C339E47}.Debug|Any CPU.ActiveCfg = Debug|Any CPU
		{0D1FB91B-39EB-43C5-A878-F4619C339E47}.Debug|Any CPU.Build.0 = Debug|Any CPU
		{0D1FB91B-39EB-43C5-A878-F4619C339E47}.Release|Any CPU.ActiveCfg = Release|Any CPU
		{0D1FB91B-39EB-43C5-A878-F4619C339E47}.Release|Any CPU.Build.0 = Release|Any CPU
		{C720AA52-5724-4E2E-9CE7-80D6362DFBFC}.Debug|Any CPU.ActiveCfg = Debug|Any CPU
		{C720AA52-5724-4E2E-9CE7-80D6362DFBFC}.Debug|Any CPU.Build.0 = Debug|Any CPU
		{C720AA52-5724-4E2E-9CE7-80D6362DFBFC}.Release|Any CPU.ActiveCfg = Release|Any CPU
		{C720AA52-5724-4E2E-9CE7-80D6362DFBFC}.Release|Any CPU.Build.0 = Release|Any CPU
		{D9EABC67-4CCA-4670-9EE8-A82ED5D7FF2B}.Debug|Any CPU.ActiveCfg = Debug|Any CPU
		{D9EABC67-4CCA-4670-9EE8-A82ED5D7FF2B}.Debug|Any CPU.Build.0 = Debug|Any CPU
		{D9EABC67-4CCA-4670-9EE8-A82ED5D7FF2B}.Release|Any CPU.ActiveCfg = Release|Any CPU
		{D9EABC67-4CCA-4670-9EE8-A82ED5D7FF2B}.Release|Any CPU.Build.0 = Release|Any CPU
		{1473EB1E-911D-4095-A302-D9C7E9A1557B}.Debug|Any CPU.ActiveCfg = Debug|Any CPU
		{1473EB1E-911D-4095-A302-D9C7E9A1557B}.Debug|Any CPU.Build.0 = Debug|Any CPU
		{1473EB1E-911D-4095-A302-D9C7E9A1557B}.Release|Any CPU.ActiveCfg = Release|Any CPU
		{1473EB1E-911D-4095-A302-D9C7E9A1557B}.Release|Any CPU.Build.0 = Release|Any CPU
	EndGlobalSection
	GlobalSection(SolutionProperties) = preSolution
		HideSolutionNode = FALSE
	EndGlobalSection
EndGlobal
