
Microsoft Visual Studio Solution File, Format Version 12.00
# Visual Studio 2012
Project("{FAE04EC0-301F-11D3-BF4B-00C04F79EFBC}") = "ShopDALModel", "ShopDAL\ShopDALModel.csproj", "{5210ECB3-FC8B-4B29-9F7F-0108D6701196}"
EndProject
Project("{FAE04EC0-301F-11D3-BF4B-00C04F79EFBC}") = "ShopUI", "ShopUI\ShopUI.csproj", "{B63150E6-AD85-4C98-9A10-0C101E39D3CE}"
EndProject
Project("{FAE04EC0-301F-11D3-BF4B-00C04F79EFBC}") = "ShopUI.Tests", "ShopUI.Tests\ShopUI.Tests.csproj", "{E2C9B299-8200-4E8B-9584-2F2B5C6EAFA9}"
EndProject
Project("{FAE04EC0-301F-11D3-BF4B-00C04F79EFBC}") = "ShopDALRepository", "ShopDALRepository\ShopDALRepository.csproj", "{A5043A73-5CFC-48C5-824F-23A1CD0BAD8E}"
EndProject
Project("{FAE04EC0-301F-11D3-BF4B-00C04F79EFBC}") = "ShopDALServices", "ShopDALServices\ShopDALServices.csproj", "{7B05C01B-51C4-4366-B926-9641BBE2F351}"
EndProject
Global
	GlobalSection(SolutionConfigurationPlatforms) = preSolution
		Debug|Any CPU = Debug|Any CPU
		Release|Any CPU = Release|Any CPU
	EndGlobalSection
	GlobalSection(ProjectConfigurationPlatforms) = postSolution
		{5210ECB3-FC8B-4B29-9F7F-0108D6701196}.Debug|Any CPU.ActiveCfg = Debug|Any CPU
		{5210ECB3-FC8B-4B29-9F7F-0108D6701196}.Debug|Any CPU.Build.0 = Debug|Any CPU
		{5210ECB3-FC8B-4B29-9F7F-0108D6701196}.Release|Any CPU.ActiveCfg = Release|Any CPU
		{5210ECB3-FC8B-4B29-9F7F-0108D6701196}.Release|Any CPU.Build.0 = Release|Any CPU
		{B63150E6-AD85-4C98-9A10-0C101E39D3CE}.Debug|Any CPU.ActiveCfg = Debug|Any CPU
		{B63150E6-AD85-4C98-9A10-0C101E39D3CE}.Debug|Any CPU.Build.0 = Debug|Any CPU
		{B63150E6-AD85-4C98-9A10-0C101E39D3CE}.Release|Any CPU.ActiveCfg = Release|Any CPU
		{B63150E6-AD85-4C98-9A10-0C101E39D3CE}.Release|Any CPU.Build.0 = Release|Any CPU
		{E2C9B299-8200-4E8B-9584-2F2B5C6EAFA9}.Debug|Any CPU.ActiveCfg = Debug|Any CPU
		{E2C9B299-8200-4E8B-9584-2F2B5C6EAFA9}.Debug|Any CPU.Build.0 = Debug|Any CPU
		{E2C9B299-8200-4E8B-9584-2F2B5C6EAFA9}.Release|Any CPU.ActiveCfg = Release|Any CPU
		{E2C9B299-8200-4E8B-9584-2F2B5C6EAFA9}.Release|Any CPU.Build.0 = Release|Any CPU
		{A5043A73-5CFC-48C5-824F-23A1CD0BAD8E}.Debug|Any CPU.ActiveCfg = Debug|Any CPU
		{A5043A73-5CFC-48C5-824F-23A1CD0BAD8E}.Debug|Any CPU.Build.0 = Debug|Any CPU
		{A5043A73-5CFC-48C5-824F-23A1CD0BAD8E}.Release|Any CPU.ActiveCfg = Release|Any CPU
		{A5043A73-5CFC-48C5-824F-23A1CD0BAD8E}.Release|Any CPU.Build.0 = Release|Any CPU
		{7B05C01B-51C4-4366-B926-9641BBE2F351}.Debug|Any CPU.ActiveCfg = Debug|Any CPU
		{7B05C01B-51C4-4366-B926-9641BBE2F351}.Debug|Any CPU.Build.0 = Debug|Any CPU
		{7B05C01B-51C4-4366-B926-9641BBE2F351}.Release|Any CPU.ActiveCfg = Release|Any CPU
		{7B05C01B-51C4-4366-B926-9641BBE2F351}.Release|Any CPU.Build.0 = Release|Any CPU
	EndGlobalSection
	GlobalSection(SolutionProperties) = preSolution
		HideSolutionNode = FALSE
	EndGlobalSection
EndGlobal
